
Microsoft Visual Studio Solution File, Format Version 12.00
# Visual Studio 14
VisualStudioVersion = 14.0.24720.0
MinimumVisualStudioVersion = 10.0.40219.1
Project("{FAE04EC0-301F-11D3-BF4B-00C04F79EFBC}") = "Vocabulizer", "Vocabulizer\Vocabulizer.csproj", "{F7AA3E5E-427D-440C-A963-C35B3392D440}"
EndProject
Project("{FAE04EC0-301F-11D3-BF4B-00C04F79EFBC}") = "Vocabulizer.Droid", "Droid\Vocabulizer.Droid.csproj", "{3A52F888-2D34-4011-A4D6-A6132E3C6CC6}"
EndProject
Project("{FAE04EC0-301F-11D3-BF4B-00C04F79EFBC}") = "DAL", "DAL\DAL.csproj", "{67F9D3A8-F71E-4428-913F-C37AE82CDB24}"
EndProject
Project("{FAE04EC0-301F-11D3-BF4B-00C04F79EFBC}") = "Vocabulizer.Test", "Vocabulizer.Test\Vocabulizer.Test.csproj", "{870A52FB-BC2D-4592-B6D4-DF209A914162}"
EndProject
Global
	GlobalSection(SolutionConfigurationPlatforms) = preSolution
		Debug|Any CPU = Debug|Any CPU
		Release|Any CPU = Release|Any CPU
	EndGlobalSection
	GlobalSection(ProjectConfigurationPlatforms) = postSolution
		{F7AA3E5E-427D-440C-A963-C35B3392D440}.Debug|Any CPU.ActiveCfg = Debug|Any CPU
		{F7AA3E5E-427D-440C-A963-C35B3392D440}.Debug|Any CPU.Build.0 = Debug|Any CPU
		{F7AA3E5E-427D-440C-A963-C35B3392D440}.Release|Any CPU.ActiveCfg = Release|Any CPU
		{F7AA3E5E-427D-440C-A963-C35B3392D440}.Release|Any CPU.Build.0 = Release|Any CPU
		{3A52F888-2D34-4011-A4D6-A6132E3C6CC6}.Debug|Any CPU.ActiveCfg = Debug|Any CPU
		{3A52F888-2D34-4011-A4D6-A6132E3C6CC6}.Debug|Any CPU.Build.0 = Debug|Any CPU
		{3A52F888-2D34-4011-A4D6-A6132E3C6CC6}.Debug|Any CPU.Deploy.0 = Debug|Any CPU
		{3A52F888-2D34-4011-A4D6-A6132E3C6CC6}.Release|Any CPU.ActiveCfg = Release|Any CPU
		{3A52F888-2D34-4011-A4D6-A6132E3C6CC6}.Release|Any CPU.Build.0 = Release|Any CPU
		{67F9D3A8-F71E-4428-913F-C37AE82CDB24}.Debug|Any CPU.ActiveCfg = Debug|Any CPU
		{67F9D3A8-F71E-4428-913F-C37AE82CDB24}.Debug|Any CPU.Build.0 = Debug|Any CPU
		{67F9D3A8-F71E-4428-913F-C37AE82CDB24}.Release|Any CPU.ActiveCfg = Release|Any CPU
		{67F9D3A8-F71E-4428-913F-C37AE82CDB24}.Release|Any CPU.Build.0 = Release|Any CPU
		{870A52FB-BC2D-4592-B6D4-DF209A914162}.Debug|Any CPU.ActiveCfg = Debug|Any CPU
		{870A52FB-BC2D-4592-B6D4-DF209A914162}.Debug|Any CPU.Build.0 = Debug|Any CPU
		{870A52FB-BC2D-4592-B6D4-DF209A914162}.Release|Any CPU.ActiveCfg = Release|Any CPU
		{870A52FB-BC2D-4592-B6D4-DF209A914162}.Release|Any CPU.Build.0 = Release|Any CPU
	EndGlobalSection
	GlobalSection(SolutionProperties) = preSolution
		HideSolutionNode = FALSE
	EndGlobalSection
EndGlobal
